
Microsoft Visual Studio Solution File, Format Version 12.00
# Visual Studio 15
VisualStudioVersion = 15.0.26430.6
MinimumVisualStudioVersion = 10.0.40219.1
Project("{FAE04EC0-301F-11D3-BF4B-00C04F79EFBC}") = "MineRageApi", "MineRageApi\MineRageApi.csproj", "{4CF36DCE-12C1-42D8-8F76-FBF2E89EBEFA}"
EndProject
Project("{FAE04EC0-301F-11D3-BF4B-00C04F79EFBC}") = "MineRage.DataAccessLayer", "MineRage.DataAccessLayer\MineRage.DataAccessLayer.csproj", "{74870715-77F4-409C-A33E-EA64C463E115}"
EndProject
Global
	GlobalSection(SolutionConfigurationPlatforms) = preSolution
		Debug|Any CPU = Debug|Any CPU
		Release|Any CPU = Release|Any CPU
	EndGlobalSection
	GlobalSection(ProjectConfigurationPlatforms) = postSolution
		{4CF36DCE-12C1-42D8-8F76-FBF2E89EBEFA}.Debug|Any CPU.ActiveCfg = Debug|Any CPU
		{4CF36DCE-12C1-42D8-8F76-FBF2E89EBEFA}.Debug|Any CPU.Build.0 = Debug|Any CPU
		{4CF36DCE-12C1-42D8-8F76-FBF2E89EBEFA}.Release|Any CPU.ActiveCfg = Release|Any CPU
		{4CF36DCE-12C1-42D8-8F76-FBF2E89EBEFA}.Release|Any CPU.Build.0 = Release|Any CPU
		{74870715-77F4-409C-A33E-EA64C463E115}.Debug|Any CPU.ActiveCfg = Debug|Any CPU
		{74870715-77F4-409C-A33E-EA64C463E115}.Debug|Any CPU.Build.0 = Debug|Any CPU
		{74870715-77F4-409C-A33E-EA64C463E115}.Release|Any CPU.ActiveCfg = Release|Any CPU
		{74870715-77F4-409C-A33E-EA64C463E115}.Release|Any CPU.Build.0 = Release|Any CPU
	EndGlobalSection
	GlobalSection(SolutionProperties) = preSolution
		HideSolutionNode = FALSE
	EndGlobalSection
EndGlobal
